
Microsoft Visual Studio Solution File, Format Version 12.00
Project("{FAE04EC0-301F-11D3-BF4B-00C04F79EFBC}") = "Devices.Api", "Devices.Api\Devices.Api.csproj", "{77B37456-3693-4533-BD47-DF42A1B9DB76}"
EndProject
Project("{FAE04EC0-301F-11D3-BF4B-00C04F79EFBC}") = "Api.Tests.Integration", "Api.Tests.Integration\Api.Tests.Integration.csproj", "{3B03E6F0-F375-403F-A714-4F6DB0B31389}"
EndProject
Global
	GlobalSection(SolutionConfigurationPlatforms) = preSolution
		Debug|Any CPU = Debug|Any CPU
		Release|Any CPU = Release|Any CPU
	EndGlobalSection
	GlobalSection(ProjectConfigurationPlatforms) = postSolution
		{77B37456-3693-4533-BD47-DF42A1B9DB76}.Debug|Any CPU.ActiveCfg = Debug|Any CPU
		{77B37456-3693-4533-BD47-DF42A1B9DB76}.Debug|Any CPU.Build.0 = Debug|Any CPU
		{77B37456-3693-4533-BD47-DF42A1B9DB76}.Release|Any CPU.ActiveCfg = Release|Any CPU
		{77B37456-3693-4533-BD47-DF42A1B9DB76}.Release|Any CPU.Build.0 = Release|Any CPU
		{3B03E6F0-F375-403F-A714-4F6DB0B31389}.Debug|Any CPU.ActiveCfg = Debug|Any CPU
		{3B03E6F0-F375-403F-A714-4F6DB0B31389}.Debug|Any CPU.Build.0 = Debug|Any CPU
		{3B03E6F0-F375-403F-A714-4F6DB0B31389}.Release|Any CPU.ActiveCfg = Release|Any CPU
		{3B03E6F0-F375-403F-A714-4F6DB0B31389}.Release|Any CPU.Build.0 = Release|Any CPU
	EndGlobalSection
EndGlobal
